Microsoft Visual Studio Solution File, Format Version 12.00
# Visual Studio Version 17
VisualStudioVersion = 17.13.35931.197
MinimumVisualStudioVersion = 10.0.40219.1
Project("{8BC9CEB8-8B4A-11D0-8D11-00A0C91BC942}") = "CPP_Pointer", "CPP_Pointer\CPP_Pointer.vcxproj", "{0F1A8704-9485-4AD2-8A78-08C5CDED79EE}"
EndProject
Project("{8BC9CEB8-8B4A-11D0-8D11-00A0C91BC942}") = "CPP_AReference", "CPP_AReference\CPP_AReference.vcxproj", "{4E4DE6BD-5095-46EC-BB3A-FAB9D1781119}"
EndProject
Project("{8BC9CEB8-8B4A-11D0-8D11-00A0C91BC942}") = "CPP_Array", "CPP_Array\CPP_Array.vcxproj", "{708314C1-97E0-44FD-A850-8884B0669FD2}"
EndProject
Project("{8BC9CEB8-8B4A-11D0-8D11-00A0C91BC942}") = "CPP_Pointer_Array", "CPP_Pointer_Array\CPP_Pointer_Array.vcxproj", "{7FB0019F-EDD5-4DFD-AE04-DA6E081DBCD9}"
EndProject
Project("{8BC9CEB8-8B4A-11D0-8D11-00A0C91BC942}") = "CPP_FuctionPointer", "CPP_FuctionPointer\CPP_FuctionPointer.vcxproj", "{9DD353E5-ED08-4741-A4C2-830326884DE7}"
EndProject
Project("{8BC9CEB8-8B4A-11D0-8D11-00A0C91BC942}") = "CPP_Double", "CPP_Double\CPP_Double.vcxproj", "{97901F6F-5D59-4267-954E-9952B14FE7C7}"
EndProject
Global
	GlobalSection(SolutionConfigurationPlatforms) = preSolution
		Debug|x64 = Debug|x64
		Debug|x86 = Debug|x86
		Release|x64 = Release|x64
		Release|x86 = Release|x86
	EndGlobalSection
	GlobalSection(ProjectConfigurationPlatforms) = postSolution
		{0F1A8704-9485-4AD2-8A78-08C5CDED79EE}.Debug|x64.ActiveCfg = Debug|x64
		{0F1A8704-9485-4AD2-8A78-08C5CDED79EE}.Debug|x64.Build.0 = Debug|x64
		{0F1A8704-9485-4AD2-8A78-08C5CDED79EE}.Debug|x86.ActiveCfg = Debug|Win32
		{0F1A8704-9485-4AD2-8A78-08C5CDED79EE}.Debug|x86.Build.0 = Debug|Win32
		{0F1A8704-9485-4AD2-8A78-08C5CDED79EE}.Release|x64.ActiveCfg = Release|x64
		{0F1A8704-9485-4AD2-8A78-08C5CDED79EE}.Release|x64.Build.0 = Release|x64
		{0F1A8704-9485-4AD2-8A78-08C5CDED79EE}.Release|x86.ActiveCfg = Release|Win32
		{0F1A8704-9485-4AD2-8A78-08C5CDED79EE}.Release|x86.Build.0 = Release|Win32
		{4E4DE6BD-5095-46EC-BB3A-FAB9D1781119}.Debug|x64.ActiveCfg = Debug|x64
		{4E4DE6BD-5095-46EC-BB3A-FAB9D1781119}.Debug|x64.Build.0 = Debug|x64
		{4E4DE6BD-5095-46EC-BB3A-FAB9D1781119}.Debug|x86.ActiveCfg = Debug|Win32
		{4E4DE6BD-5095-46EC-BB3A-FAB9D1781119}.Debug|x86.Build.0 = Debug|Win32
		{4E4DE6BD-5095-46EC-BB3A-FAB9D1781119}.Release|x64.ActiveCfg = Release|x64
		{4E4DE6BD-5095-46EC-BB3A-FAB9D1781119}.Release|x64.Build.0 = Release|x64
		{4E4DE6BD-5095-46EC-BB3A-FAB9D1781119}.Release|x86.ActiveCfg = Release|Win32
		{4E4DE6BD-5095-46EC-BB3A-FAB9D1781119}.Release|x86.Build.0 = Release|Win32
		{708314C1-97E0-44FD-A850-8884B0669FD2}.Debug|x64.ActiveCfg = Debug|x64
		{708314C1-97E0-44FD-A850-8884B0669FD2}.Debug|x64.Build.0 = Debug|x64
		{708314C1-97E0-44FD-A850-8884B0669FD2}.Debug|x86.ActiveCfg = Debug|Win32
		{708314C1-97E0-44FD-A850-8884B0669FD2}.Debug|x86.Build.0 = Debug|Win32
		{708314C1-97E0-44FD-A850-8884B0669FD2}.Release|x64.ActiveCfg = Release|x64
		{708314C1-97E0-44FD-A850-8884B0669FD2}.Release|x64.Build.0 = Release|x64
		{708314C1-97E0-44FD-A850-8884B0669FD2}.Release|x86.ActiveCfg = Release|Win32
		{708314C1-97E0-44FD-A850-8884B0669FD2}.Release|x86.Build.0 = Release|Win32
		{7FB0019F-EDD5-4DFD-AE04-DA6E081DBCD9}.Debug|x64.ActiveCfg = Debug|x64
		{7FB0019F-EDD5-4DFD-AE04-DA6E081DBCD9}.Debug|x64.Build.0 = Debug|x64
		{7FB0019F-EDD5-4DFD-AE04-DA6E081DBCD9}.Debug|x86.ActiveCfg = Debug|Win32
		{7FB0019F-EDD5-4DFD-AE04-DA6E081DBCD9}.Debug|x86.Build.0 = Debug|Win32
		{7FB0019F-EDD5-4DFD-AE04-DA6E081DBCD9}.Release|x64.ActiveCfg = Release|x64
		{7FB0019F-EDD5-4DFD-AE04-DA6E081DBCD9}.Release|x64.Build.0 = Release|x64
		{7FB0019F-EDD5-4DFD-AE04-DA6E081DBCD9}.Release|x86.ActiveCfg = Release|Win32
		{7FB0019F-EDD5-4DFD-AE04-DA6E081DBCD9}.Release|x86.Build.0 = Release|Win32
		{9DD353E5-ED08-4741-A4C2-830326884DE7}.Debug|x64.ActiveCfg = Debug|x64
		{9DD353E5-ED08-4741-A4C2-830326884DE7}.Debug|x64.Build.0 = Debug|x64
		{9DD353E5-ED08-4741-A4C2-830326884DE7}.Debug|x86.ActiveCfg = Debug|Win32
		{9DD353E5-ED08-4741-A4C2-830326884DE7}.Debug|x86.Build.0 = Debug|Win32
		{9DD353E5-ED08-4741-A4C2-830326884DE7}.Release|x64.ActiveCfg = Release|x64
		{9DD353E5-ED08-4741-A4C2-830326884DE7}.Release|x64.Build.0 = Release|x64
		{9DD353E5-ED08-4741-A4C2-830326884DE7}.Release|x86.ActiveCfg = Release|Win32
		{9DD353E5-ED08-4741-A4C2-830326884DE7}.Release|x86.Build.0 = Release|Win32
		{97901F6F-5D59-4267-954E-9952B14FE7C7}.Debug|x64.ActiveCfg = Debug|x64
		{97901F6F-5D59-4267-954E-9952B14FE7C7}.Debug|x64.Build.0 = Debug|x64
		{97901F6F-5D59-4267-954E-9952B14FE7C7}.Debug|x86.ActiveCfg = Debug|Win32
		{97901F6F-5D59-4267-954E-9952B14FE7C7}.Debug|x86.Build.0 = Debug|Win32
		{97901F6F-5D59-4267-954E-9952B14FE7C7}.Release|x64.ActiveCfg = Release|x64
		{97901F6F-5D59-4267-954E-9952B14FE7C7}.Release|x64.Build.0 = Release|x64
		{97901F6F-5D59-4267-954E-9952B14FE7C7}.Release|x86.ActiveCfg = Release|Win32
		{97901F6F-5D59-4267-954E-9952B14FE7C7}.Release|x86.Build.0 = Release|Win32
	EndGlobalSection
	GlobalSection(SolutionProperties) = preSolution
		HideSolutionNode = FALSE
	EndGlobalSection
	GlobalSection(ExtensibilityGlobals) = postSolution
		SolutionGuid = {E23321D4-CBD8-4CE4-A419-FE93A25A49A2}
	EndGlobalSection
EndGlobal
